Microsoft Visual Studio Solution File, Format Version 12.00
# Visual Studio Version 17
VisualStudioVersion = 17.0.31611.283
MinimumVisualStudioVersion = 10.0.40219.1
Project("{2150E333-8FDC-42A3-9474-1A3956D46DE8}") = "1. Enterprice Business Rules", "1. Enterprice Business Rules", "{B0583193-704A-4E55-A0F8-76F9EED2B572}"
EndProject
Project("{2150E333-8FDC-42A3-9474-1A3956D46DE8}") = "2. Application Business Rules", "2. Application Business Rules", "{55659C82-3387-4FF1-ABAA-0869DAC62582}"
EndProject
Project("{2150E333-8FDC-42A3-9474-1A3956D46DE8}") = "3. Interface Adapters", "3. Interface Adapters", "{556DDD39-5D3D-4D4E-980E-7047A3B6A11F}"
EndProject
Project("{2150E333-8FDC-42A3-9474-1A3956D46DE8}") = "4. Frameworks and Drivers", "4. Frameworks and Drivers", "{450340BA-99E2-4EEC-831D-8940260B0BE8}"
EndProject
Project("{2150E333-8FDC-42A3-9474-1A3956D46DE8}") = "UI", "UI", "{B5E264CE-3FC2-4889-A9B9-FE9929351E59}"
EndProject
Project("{9A19103F-16F7-4668-BE54-9A1E7A4F7556}") = "BlazingPizzaBusinessObjects", "BlazingPizzaBusinessObjects\BlazingPizzaBusinessObjects.csproj", "{2DCF014C-AFE8-409F-990A-0251095F60B9}"
EndProject
Project("{9A19103F-16F7-4668-BE54-9A1E7A4F7556}") = "BlazingPizza.Components", "BlazingPizza.Components\BlazingPizza.Components.csproj", "{941ED6C9-2B72-4636-96DF-486617896150}"
EndProject
Project("{9A19103F-16F7-4668-BE54-9A1E7A4F7556}") = "BlazingPizza.PagesViews", "BlazingPizza.PagesViews\BlazingPizza.PagesViews.csproj", "{3A51AF06-522D-42DC-904F-169CB32A9D83}"
EndProject
Project("{9A19103F-16F7-4668-BE54-9A1E7A4F7556}") = "BlazingPizza.UseCases", "BlazingPizza.UseCases\BlazingPizza.UseCases.csproj", "{3F5B03B3-75E3-4EF0-B296-A2464360CC9D}"
EndProject
Project("{2150E333-8FDC-42A3-9474-1A3956D46DE8}") = "Gateways", "Gateways", "{23C1DEFE-9969-418D-8364-4E3E89154C2F}"
EndProject
Project("{9A19103F-16F7-4668-BE54-9A1E7A4F7556}") = "BlazingPizza.EFCore.Repositories", "BlazingPizza.EFCore.Repositories\BlazingPizza.EFCore.Repositories.csproj", "{C55E951C-658C-4C01-A337-A45E2D371715}"
EndProject
Project("{2150E333-8FDC-42A3-9474-1A3956D46DE8}") = "Repositories", "Repositories", "{D77DC6E4-41F5-4F38-AEDC-72EAC9315BC4}"
EndProject
Project("{2150E333-8FDC-42A3-9474-1A3956D46DE8}") = "Controllers", "Controllers", "{633D3AB8-CD73-4E50-AA9E-6535B7F4BC0B}"
EndProject
Project("{9A19103F-16F7-4668-BE54-9A1E7A4F7556}") = "BlazzingPizzaControllers", "BlazzingPizzaControllers\BlazzingPizzaControllers.csproj", "{B40E6D37-07DF-4E3E-8474-4C23C116662C}"
EndProject
Project("{9A19103F-16F7-4668-BE54-9A1E7A4F7556}") = "BlazzingPizza.IoC", "BlazzingPizza.IoC\BlazzingPizza.IoC.csproj", "{2D112C39-AF55-4622-B3F3-AB96D55578A4}"
EndProject
Project("{9A19103F-16F7-4668-BE54-9A1E7A4F7556}") = "BlazingPizza.WebApi", "BlazingPizza.WebApi\BlazingPizza.WebApi.csproj", "{28A9DB88-09C0-4845-B256-0CFD5538A010}"
EndProject
Project("{2150E333-8FDC-42A3-9474-1A3956D46DE8}") = "Presenters", "Presenters", "{CE5BA910-6B11-4746-ABDA-1F19F20A47DE}"
EndProject
Project("{9A19103F-16F7-4668-BE54-9A1E7A4F7556}") = "BlazingPizza.Presenters", "BlazingPizza.Presenters\BlazingPizza.Presenters.csproj", "{61C565BC-96FA-43B6-BAB7-875FE5B48A54}"
EndProject
Project("{9A19103F-16F7-4668-BE54-9A1E7A4F7556}") = "BlazingPizza.MAUI", "BlazingPizza.MAUI\BlazingPizza.MAUI.csproj", "{81EADE08-856A-4E65-AA11-9D23EF198EEA}"
EndProject
Project("{FAE04EC0-301F-11D3-BF4B-00C04F79EFBC}") = "BlazorApp1", "BlazorApp1\BlazorApp1.csproj", "{0B309155-68C5-4749-9C47-4CB591BB57AC}"
EndProject
Global
	GlobalSection(SolutionConfigurationPlatforms) = preSolution
		Debug|Any CPU = Debug|Any CPU
		Release|Any CPU = Release|Any CPU
	EndGlobalSection
	GlobalSection(ProjectConfigurationPlatforms) = postSolution
		{2DCF014C-AFE8-409F-990A-0251095F60B9}.Debug|Any CPU.ActiveCfg = Debug|Any CPU
		{2DCF014C-AFE8-409F-990A-0251095F60B9}.Debug|Any CPU.Build.0 = Debug|Any CPU
		{2DCF014C-AFE8-409F-990A-0251095F60B9}.Release|Any CPU.ActiveCfg = Release|Any CPU
		{2DCF014C-AFE8-409F-990A-0251095F60B9}.Release|Any CPU.Build.0 = Release|Any CPU
		{941ED6C9-2B72-4636-96DF-486617896150}.Debug|Any CPU.ActiveCfg = Debug|Any CPU
		{941ED6C9-2B72-4636-96DF-486617896150}.Debug|Any CPU.Build.0 = Debug|Any CPU
		{941ED6C9-2B72-4636-96DF-486617896150}.Release|Any CPU.ActiveCfg = Release|Any CPU
		{941ED6C9-2B72-4636-96DF-486617896150}.Release|Any CPU.Build.0 = Release|Any CPU
		{3A51AF06-522D-42DC-904F-169CB32A9D83}.Debug|Any CPU.ActiveCfg = Debug|Any CPU
		{3A51AF06-522D-42DC-904F-169CB32A9D83}.Debug|Any CPU.Build.0 = Debug|Any CPU
		{3A51AF06-522D-42DC-904F-169CB32A9D83}.Release|Any CPU.ActiveCfg = Release|Any CPU
		{3A51AF06-522D-42DC-904F-169CB32A9D83}.Release|Any CPU.Build.0 = Release|Any CPU
		{3F5B03B3-75E3-4EF0-B296-A2464360CC9D}.Debug|Any CPU.ActiveCfg = Debug|Any CPU
		{3F5B03B3-75E3-4EF0-B296-A2464360CC9D}.Debug|Any CPU.Build.0 = Debug|Any CPU
		{3F5B03B3-75E3-4EF0-B296-A2464360CC9D}.Release|Any CPU.ActiveCfg = Release|Any CPU
		{3F5B03B3-75E3-4EF0-B296-A2464360CC9D}.Release|Any CPU.Build.0 = Release|Any CPU
		{C55E951C-658C-4C01-A337-A45E2D371715}.Debug|Any CPU.ActiveCfg = Debug|Any CPU
		{C55E951C-658C-4C01-A337-A45E2D371715}.Debug|Any CPU.Build.0 = Debug|Any CPU
		{C55E951C-658C-4C01-A337-A45E2D371715}.Release|Any CPU.ActiveCfg = Release|Any CPU
		{C55E951C-658C-4C01-A337-A45E2D371715}.Release|Any CPU.Build.0 = Release|Any CPU
		{B40E6D37-07DF-4E3E-8474-4C23C116662C}.Debug|Any CPU.ActiveCfg = Debug|Any CPU
		{B40E6D37-07DF-4E3E-8474-4C23C116662C}.Debug|Any CPU.Build.0 = Debug|Any CPU
		{B40E6D37-07DF-4E3E-8474-4C23C116662C}.Release|Any CPU.ActiveCfg = Release|Any CPU
		{B40E6D37-07DF-4E3E-8474-4C23C116662C}.Release|Any CPU.Build.0 = Release|Any CPU
		{2D112C39-AF55-4622-B3F3-AB96D55578A4}.Debug|Any CPU.ActiveCfg = Debug|Any CPU
		{2D112C39-AF55-4622-B3F3-AB96D55578A4}.Debug|Any CPU.Build.0 = Debug|Any CPU
		{2D112C39-AF55-4622-B3F3-AB96D55578A4}.Release|Any CPU.ActiveCfg = Release|Any CPU
		{2D112C39-AF55-4622-B3F3-AB96D55578A4}.Release|Any CPU.Build.0 = Release|Any CPU
		{28A9DB88-09C0-4845-B256-0CFD5538A010}.Debug|Any CPU.ActiveCfg = Debug|Any CPU
		{28A9DB88-09C0-4845-B256-0CFD5538A010}.Debug|Any CPU.Build.0 = Debug|Any CPU
		{28A9DB88-09C0-4845-B256-0CFD5538A010}.Release|Any CPU.ActiveCfg = Release|Any CPU
		{28A9DB88-09C0-4845-B256-0CFD5538A010}.Release|Any CPU.Build.0 = Release|Any CPU
		{61C565BC-96FA-43B6-BAB7-875FE5B48A54}.Debug|Any CPU.ActiveCfg = Debug|Any CPU
		{61C565BC-96FA-43B6-BAB7-875FE5B48A54}.Debug|Any CPU.Build.0 = Debug|Any CPU
		{61C565BC-96FA-43B6-BAB7-875FE5B48A54}.Release|Any CPU.ActiveCfg = Release|Any CPU
		{61C565BC-96FA-43B6-BAB7-875FE5B48A54}.Release|Any CPU.Build.0 = Release|Any CPU
		{81EADE08-856A-4E65-AA11-9D23EF198EEA}.Debug|Any CPU.ActiveCfg = Debug|Any CPU
		{81EADE08-856A-4E65-AA11-9D23EF198EEA}.Debug|Any CPU.Build.0 = Debug|Any CPU
		{81EADE08-856A-4E65-AA11-9D23EF198EEA}.Debug|Any CPU.Deploy.0 = Debug|Any CPU
		{81EADE08-856A-4E65-AA11-9D23EF198EEA}.Release|Any CPU.ActiveCfg = Release|Any CPU
		{81EADE08-856A-4E65-AA11-9D23EF198EEA}.Release|Any CPU.Build.0 = Release|Any CPU
		{81EADE08-856A-4E65-AA11-9D23EF198EEA}.Release|Any CPU.Deploy.0 = Release|Any CPU
		{0B309155-68C5-4749-9C47-4CB591BB57AC}.Debug|Any CPU.ActiveCfg = Debug|Any CPU
		{0B309155-68C5-4749-9C47-4CB591BB57AC}.Debug|Any CPU.Build.0 = Debug|Any CPU
		{0B309155-68C5-4749-9C47-4CB591BB57AC}.Release|Any CPU.ActiveCfg = Release|Any CPU
		{0B309155-68C5-4749-9C47-4CB591BB57AC}.Release|Any CPU.Build.0 = Release|Any CPU
	EndGlobalSection
	GlobalSection(SolutionProperties) = preSolution
		HideSolutionNode = FALSE
	EndGlobalSection
	GlobalSection(NestedProjects) = preSolution
		{B5E264CE-3FC2-4889-A9B9-FE9929351E59} = {450340BA-99E2-4EEC-831D-8940260B0BE8}
		{2DCF014C-AFE8-409F-990A-0251095F60B9} = {55659C82-3387-4FF1-ABAA-0869DAC62582}
		{941ED6C9-2B72-4636-96DF-486617896150} = {B5E264CE-3FC2-4889-A9B9-FE9929351E59}
		{3A51AF06-522D-42DC-904F-169CB32A9D83} = {B5E264CE-3FC2-4889-A9B9-FE9929351E59}
		{3F5B03B3-75E3-4EF0-B296-A2464360CC9D} = {55659C82-3387-4FF1-ABAA-0869DAC62582}
		{23C1DEFE-9969-418D-8364-4E3E89154C2F} = {556DDD39-5D3D-4D4E-980E-7047A3B6A11F}
		{C55E951C-658C-4C01-A337-A45E2D371715} = {D77DC6E4-41F5-4F38-AEDC-72EAC9315BC4}
		{D77DC6E4-41F5-4F38-AEDC-72EAC9315BC4} = {23C1DEFE-9969-418D-8364-4E3E89154C2F}
		{633D3AB8-CD73-4E50-AA9E-6535B7F4BC0B} = {556DDD39-5D3D-4D4E-980E-7047A3B6A11F}
		{B40E6D37-07DF-4E3E-8474-4C23C116662C} = {633D3AB8-CD73-4E50-AA9E-6535B7F4BC0B}
		{2D112C39-AF55-4622-B3F3-AB96D55578A4} = {556DDD39-5D3D-4D4E-980E-7047A3B6A11F}
		{28A9DB88-09C0-4845-B256-0CFD5538A010} = {B5E264CE-3FC2-4889-A9B9-FE9929351E59}
		{CE5BA910-6B11-4746-ABDA-1F19F20A47DE} = {556DDD39-5D3D-4D4E-980E-7047A3B6A11F}
		{61C565BC-96FA-43B6-BAB7-875FE5B48A54} = {CE5BA910-6B11-4746-ABDA-1F19F20A47DE}
		{81EADE08-856A-4E65-AA11-9D23EF198EEA} = {B5E264CE-3FC2-4889-A9B9-FE9929351E59}
		{0B309155-68C5-4749-9C47-4CB591BB57AC} = {B5E264CE-3FC2-4889-A9B9-FE9929351E59}
	EndGlobalSection
	GlobalSection(ExtensibilityGlobals) = postSolution
		SolutionGuid = {6725F6D6-4A91-41E0-9AAD-F2FA1EED341D}
		        SolutionGuid = {61F7FB11-1E47-470C-91E2-47F8143E1572}
	EndGlobalSection
EndGlobal
